version = 1
revision = 3
requires-python = "==3.12.*"

[[package]]
name = "book-organize"
version = "0.1.0.dev1"
source = { virtual = "." }
dependencies = [
    { name = "sudachidict-full" },
    { name = "sudachipy" },
]

[package.metadata]
requires-dist = [
    { name = "sudachidict-full", specifier = "==20260723" },
    { name = "sudachipy", specifier = "==0.6.11" },
]

[[package]]
name = "sudachidict-full"
version = "20260723"
source = { registry = "https://pypi.org/simple" }
dependencies = [
    { name = "sudachipy" },
]
sdist = { url = "https://files.pythonhosted.org/packages/b4/22/039981734bf03722811f21c41af93d813dd2002c07e0681414f37d291649/sudachidict_full-20260723.tar.gz", hash = "sha256:3f14e96420f52d151956f9c5a5a59c623087ffca8754e9cfd4658b4a59047207", size = 9108, upload-time = "2026-07-24T05:40:58.746Z" }

[[package]]
name = "sudachipy"
version = "0.6.11"
source = { registry = "https://pypi.org/simple" }
sdist = { url = "https://files.pythonhosted.org/packages/13/34/a52dc020e1ac67ffe2469d22771a850589a1184e0d91d48addd364ee02ba/sudachipy-0.6.11.tar.gz", hash = "sha256:4f03310fd3fc779b3000f49395c939d18a30081632d3cb14488426f7c07cc526", size = 180616, upload-time = "2026-04-13T05:27:26.857Z" }
wheels = [
    { url = "https://files.pythonhosted.org/packages/48/ad/13f75fb5e1da9c76a3a4080e371ba261fac32d5035fd76707366765f93ac/sudachipy-0.6.11-cp312-cp312-macosx_10_13_universal2.whl", hash = "sha256:c83bcca7ab332a00eec3852d4386de53cf68fea140170d5dda4fafbe59f85885", size = 2965197, upload-time = "2026-04-13T05:26:38.902Z" },
    { url = "https://files.pythonhosted.org/packages/46/eb/30283736a29184e962358e7678863f423ddf0f098d196321149c58b9cf08/sudachipy-0.6.11-cp312-cp312-macosx_10_13_x86_64.whl", hash = "sha256:d19e44445bf994755ae500acf0c61c445f65152b0e2cb5c7608c094a317f6934", size = 1526969, upload-time = "2026-04-13T05:26:40.511Z" },
    { url = "https://files.pythonhosted.org/packages/ab/51/44ae0420b6715472a9a3e04ed6ac6b9c2b8c7d8d90e2192e1e938ee1db3d/sudachipy-0.6.11-cp312-cp312-macosx_11_0_arm64.whl", hash = "sha256:cf105a60a705fa540be074197e95d2acf0a8f9e9a9bab5c999b98fade85c539a", size = 1460945, upload-time = "2026-04-13T05:26:41.66Z" },
    { url = "https://files.pythonhosted.org/packages/6d/da/4df93405f5f7453a4fd4a8f5fa34628d2621d6705889a9032fd297377698/sudachipy-0.6.11-cp312-cp312-manylinux2014_aarch64.manylinux_2_17_aarch64.whl", hash = "sha256:49dbcd237a0041f7beae867b03afb53da3c6f1a119c8f9aafc53bd1a4fc1a46a", size = 1583304, upload-time = "2026-04-13T05:26:42.774Z" },
    { url = "https://files.pythonhosted.org/packages/49/ee/f7c20d6e17619c83f5ffa3ed7bd1582174809fd8b396fb9250f24210dd57/sudachipy-0.6.11-cp312-cp312-manylinux2014_x86_64.manylinux_2_17_x86_64.whl", hash = "sha256:9d024efea4ff8b5bd0709f1afbb8e8f230ebd4ec83f9cd76f47b0542b7c22e91", size = 1628277, upload-time = "2026-04-13T05:26:44.335Z" },
    { url = "https://files.pythonhosted.org/packages/c2/43/6c9fcd712bdcbd9968ec20d70504bd33fe1eb9959e611f6e29bb2bce4583/sudachipy-0.6.11-cp312-cp312-win_amd64.whl", hash = "sha256:390352e01d195c15c9a5aa0b2a2270a987baaac64888cc03e164791a7d78fe9f", size = 1326632, upload-time = "2026-04-13T05:26:45.503Z" },
]
